
Microsoft Visual Studio Solution File, Format Version 12.00
# Visual Studio Version 16
VisualStudioVersion = 16.0.28729.10
MinimumVisualStudioVersion = 10.0.40219.1
Project("{F184B08F-C81C-45F6-A57F-5ABD9991F28F}") = "Finacial Apps Dashboard", "Finacial Apps Dashboard.vbproj", "{6D337CDB-7CBE-446A-929A-E15F789DAA5F}"
EndProject
Global
	GlobalSection(SolutionConfigurationPlatforms) = preSolution
		Debug|Any CPU = Debug|Any CPU
		Release|Any CPU = Release|Any CPU
	EndGlobalSection
	GlobalSection(ProjectConfigurationPlatforms) = postSolution
		{6D337CDB-7CBE-446A-929A-E15F789DAA5F}.Debug|Any CPU.ActiveCfg = Debug|Any CPU
		{6D337CDB-7CBE-446A-929A-E15F789DAA5F}.Debug|Any CPU.Build.0 = Debug|Any CPU
		{6D337CDB-7CBE-446A-929A-E15F789DAA5F}.Release|Any CPU.ActiveCfg = Release|Any CPU
		{6D337CDB-7CBE-446A-929A-E15F789DAA5F}.Release|Any CPU.Build.0 = Release|Any CPU
	EndGlobalSection
	GlobalSection(SolutionProperties) = preSolution
		HideSolutionNode = FALSE
	EndGlobalSection
	GlobalSection(ExtensibilityGlobals) = postSolution
		SolutionGuid = {D02E4D75-91AF-4376-BE19-B41BFC5CE111}
	EndGlobalSection
EndGlobal
